// !$*UTF8*$!
{
	archiveVersion = 1;
	classes = {
	};
	objectVersion = 51;
	objects = {

/* Begin PBXBuildFile section */
		2439C55107EA106688A3F22A /* Pods_InstagramTests.framework in Frameworks */ = {isa = PBXBuildFile; fileRef = 565366C9753B7B0DE153B8D8 /* Pods_InstagramTests.framework */; };
		6AAFE5D22F529FEF0868BE13 /* Pods_Instagram_InstagramUITests.framework in Frameworks */ = {isa = PBXBuildFile; fileRef = DD0403B3EE708A0438A298FE /* Pods_Instagram_InstagramUITests.framework */; };
		9407B678F6DA472B8A4F4C35 /* Pods_Instagram.framework in Frameworks */ = {isa = PBXBuildFile; fileRef = 346A6CDA0874F8B8D1914AC6 /* Pods_Instagram.framework */; };
		D912026F2694C8DA00717B04 /* AppDelegate.m in Sources */ = {isa = PBXBuildFile; fileRef = D912026E2694C8DA00717B04 /* AppDelegate.m */; };
		D91202722694C8DA00717B04 /* SceneDelegate.m in Sources */ = {isa = PBXBuildFile; fileRef = D91202712694C8DA00717B04 /* SceneDelegate.m */; };
		D91202782694C8DA00717B04 /* Main.storyboard in Resources */ = {isa = PBXBuildFile; fileRef = D91202762694C8DA00717B04 /* Main.storyboard */; };
		D912027A2694C8DC00717B04 /* Assets.xcassets in Resources */ = {isa = PBXBuildFile; fileRef = D91202792694C8DC00717B04 /* Assets.xcassets */; };
		D912027D2694C8DC00717B04 /* LaunchScreen.storyboard in Resources */ = {isa = PBXBuildFile; fileRef = D912027B2694C8DC00717B04 /* LaunchScreen.storyboard */; };
		D91202802694C8DC00717B04 /* main.m in Sources */ = {isa = PBXBuildFile; fileRef = D912027F2694C8DC00717B04 /* main.m */; };
		D912028A2694C8DC00717B04 /* InstagramTests.m in Sources */ = {isa = PBXBuildFile; fileRef = D91202892694C8DC00717B04 /* InstagramTests.m */; };
		D91202952694C8DC00717B04 /* InstagramUITests.m in Sources */ = {isa = PBXBuildFile; fileRef = D91202942694C8DC00717B04 /* InstagramUITests.m */; };
		D91202A52694E1DD00717B04 /* LoginViewController.m in Sources */ = {isa = PBXBuildFile; fileRef = D91202A42694E1DD00717B04 /* LoginViewController.m */; };
		D91202A82694F1D500717B04 /* HomeViewController.m in Sources */ = {isa = PBXBuildFile; fileRef = D91202A72694F1D500717B04 /* HomeViewController.m */; };
		D91202AB2694F70A00717B04 /* ComposeViewController.m in Sources */ = {isa = PBXBuildFile; fileRef = D91202AA2694F70A00717B04 /* ComposeViewController.m */; };
		D91202AE2695142B00717B04 /* PostCell.m in Sources */ = {isa = PBXBuildFile; fileRef = D91202AD2695142B00717B04 /* PostCell.m */; };
		D91202B226962C2D00717B04 /* DetailsViewController.m in Sources */ = {isa = PBXBuildFile; fileRef = D91202B126962C2D00717B04 /* DetailsViewController.m */; };
		D9CB53F8269906CF00E519C0 /* Post.m in Sources */ = {isa = PBXBuildFile; fileRef = D9CB53F7269906CF00E519C0 /* Post.m */; };
/* End PBXBuildFile section */

/* Begin PBXContainerItemProxy section */
		D91202862694C8DC00717B04 /* PBXContainerItemProxy */ = {
			isa = PBXContainerItemProxy;
			containerPortal = D91202622694C8DA00717B04 /* Project object */;
			proxyType = 1;
			remoteGlobalIDString = D91202692694C8DA00717B04;
			remoteInfo = Instagram;
		};
		D91202912694C8DC00717B04 /* PBXContainerItemProxy */ = {
			isa = PBXContainerItemProxy;
			containerPortal = D91202622694C8DA00717B04 /* Project object */;
			proxyType = 1;
			remoteGlobalIDString = D91202692694C8DA00717B04;
			remoteInfo = Instagram;
		};
/* End PBXContainerItemProxy section */

/* Begin PBXFileReference section */
		346A6CDA0874F8B8D1914AC6 /* Pods_Instagram.framework */ = {isa = PBXFileReference; explicitFileType = wrapper.framework; includeInIndex = 0; path = Pods_Instagram.framework; sourceTree = BUILT_PRODUCTS_DIR; };
		565366C9753B7B0DE153B8D8 /* Pods_InstagramTests.framework */ = {isa = PBXFileReference; explicitFileType = wrapper.framework; includeInIndex = 0; path = Pods_InstagramTests.framework; sourceTree = BUILT_PRODUCTS_DIR; };
		5B7E9E66481F2A1190CA99E7 /* Pods-InstagramTests.debug.xcconfig */ = {isa = PBXFileReference; includeInIndex = 1; lastKnownFileType = text.xcconfig; name = "Pods-InstagramTests.debug.xcconfig"; path = "Target Support Files/Pods-InstagramTests/Pods-InstagramTests.debug.xcconfig"; sourceTree = "<group>"; };
		6645BC3583A6E1B05C613776 /* Pods-Instagram.release.xcconfig */ = {isa = PBXFileReference; includeInIndex = 1; lastKnownFileType = text.xcconfig; name = "Pods-Instagram.release.xcconfig"; path = "Target Support Files/Pods-Instagram/Pods-Instagram.release.xcconfig"; sourceTree = "<group>"; };
		8A77206BE035F0C895B2232F /* Pods-Instagram.debug.xcconfig */ = {isa = PBXFileReference; includeInIndex = 1; lastKnownFileType = text.xcconfig; name = "Pods-Instagram.debug.xcconfig"; path = "Target Support Files/Pods-Instagram/Pods-Instagram.debug.xcconfig"; sourceTree = "<group>"; };
		C7FFD2516C6FC91297B6354A /* Pods-InstagramTests.release.xcconfig */ = {isa = PBXFileReference; includeInIndex = 1; lastKnownFileType = text.xcconfig; name = "Pods-InstagramTests.release.xcconfig"; path = "Target Support Files/Pods-InstagramTests/Pods-InstagramTests.release.xcconfig"; sourceTree = "<group>"; };
		CF7A1A148C0D356762E35771 /* Pods-Instagram-InstagramUITests.release.xcconfig */ = {isa = PBXFileReference; includeInIndex = 1; lastKnownFileType = text.xcconfig; name = "Pods-Instagram-InstagramUITests.release.xcconfig"; path = "Target Support Files/Pods-Instagram-InstagramUITests/Pods-Instagram-InstagramUITests.release.xcconfig"; sourceTree = "<group>"; };
		D912026A2694C8DA00717B04 /* Instagram.app */ = {isa = PBXFileReference; explicitFileType = wrapper.application; includeInIndex = 0; path = Instagram.app; sourceTree = BUILT_PRODUCTS_DIR; };
		D912026D2694C8DA00717B04 /* AppDelegate.h */ = {isa = PBXFileReference; lastKnownFileType = sourcecode.c.h; path = AppDelegate.h; sourceTree = "<group>"; };
		D912026E2694C8DA00717B04 /* AppDelegate.m */ = {isa = PBXFileReference; lastKnownFileType = sourcecode.c.objc; path = AppDelegate.m; sourceTree = "<group>"; };
		D91202702694C8DA00717B04 /* SceneDelegate.h */ = {isa = PBXFileReference; lastKnownFileType = sourcecode.c.h; path = SceneDelegate.h; sourceTree = "<group>"; };
		D91202712694C8DA00717B04 /* SceneDelegate.m */ = {isa = PBXFileReference; lastKnownFileType = sourcecode.c.objc; path = SceneDelegate.m; sourceTree = "<group>"; };
		D91202772694C8DA00717B04 /* Base */ = {isa = PBXFileReference; lastKnownFileType = file.storyboard; name = Base; path = Base.lproj/Main.storyboard; sourceTree = "<group>"; };
		D91202792694C8DC00717B04 /* Assets.xcassets */ = {isa = PBXFileReference; lastKnownFileType = folder.assetcatalog; path = Assets.xcassets; sourceTree = "<group>"; };
		D912027C2694C8DC00717B04 /* Base */ = {isa = PBXFileReference; lastKnownFileType = file.storyboard; name = Base; path = Base.lproj/LaunchScreen.storyboard; sourceTree = "<group>"; };
		D912027E2694C8DC00717B04 /* Info.plist */ = {isa = PBXFileReference; lastKnownFileType = text.plist.xml; path = Info.plist; sourceTree = "<group>"; };
		D912027F2694C8DC00717B04 /* main.m */ = {isa = PBXFileReference; lastKnownFileType = sourcecode.c.objc; path = main.m; sourceTree = "<group>"; };
		D91202852694C8DC00717B04 /* InstagramTests.xctest */ = {isa = PBXFileReference; explicitFileType = wrapper.cfbundle; includeInIndex = 0; path = InstagramTests.xctest; sourceTree = BUILT_PRODUCTS_DIR; };
		D91202892694C8DC00717B04 /* InstagramTests.m */ = {isa = PBXFileReference; lastKnownFileType = sourcecode.c.objc; path = InstagramTests.m; sourceTree = "<group>"; };
		D912028B2694C8DC00717B04 /* Info.plist */ = {isa = PBXFileReference; lastKnownFileType = text.plist.xml; path = Info.plist; sourceTree = "<group>"; };
		D91202902694C8DC00717B04 /* InstagramUITests.xctest */ = {isa = PBXFileReference; explicitFileType = wrapper.cfbundle; includeInIndex = 0; path = InstagramUITests.xctest; sourceTree = BUILT_PRODUCTS_DIR; };
		D91202942694C8DC00717B04 /* InstagramUITests.m */ = {isa = PBXFileReference; lastKnownFileType = sourcecode.c.objc; path = InstagramUITests.m; sourceTree = "<group>"; };
		D91202962694C8DC00717B04 /* Info.plist */ = {isa = PBXFileReference; lastKnownFileType = text.plist.xml; path = Info.plist; sourceTree = "<group>"; };
		D91202A32694E1DD00717B04 /* LoginViewController.h */ = {isa = PBXFileReference; lastKnownFileType = sourcecode.c.h; path = LoginViewController.h; sourceTree = "<group>"; };
		D91202A42694E1DD00717B04 /* LoginViewController.m */ = {isa = PBXFileReference; lastKnownFileType = sourcecode.c.objc; path = LoginViewController.m; sourceTree = "<group>"; };
		D91202A62694F1D500717B04 /* HomeViewController.h */ = {isa = PBXFileReference; lastKnownFileType = sourcecode.c.h; name = HomeViewController.h; path = Pods/HomeViewController.h; sourceTree = SOURCE_ROOT; };
		D91202A72694F1D500717B04 /* HomeViewController.m */ = {isa = PBXFileReference; lastKnownFileType = sourcecode.c.objc; name = HomeViewController.m; path = Pods/HomeViewController.m; sourceTree = SOURCE_ROOT; };
		D91202A92694F70A00717B04 /* ComposeViewController.h */ = {isa = PBXFileReference; lastKnownFileType = sourcecode.c.h; name = ComposeViewController.h; path = Instagram/ComposeViewController.h; sourceTree = SOURCE_ROOT; };
		D91202AA2694F70A00717B04 /* ComposeViewController.m */ = {isa = PBXFileReference; lastKnownFileType = sourcecode.c.objc; name = ComposeViewController.m; path = Instagram/ComposeViewController.m; sourceTree = SOURCE_ROOT; };
		D91202AC2695142B00717B04 /* PostCell.h */ = {isa = PBXFileReference; lastKnownFileType = sourcecode.c.h; path = PostCell.h; sourceTree = SOURCE_ROOT; };
		D91202AD2695142B00717B04 /* PostCell.m */ = {isa = PBXFileReference; lastKnownFileType = sourcecode.c.objc; path = PostCell.m; sourceTree = SOURCE_ROOT; };
		D91202B026962C2D00717B04 /* DetailsViewController.h */ = {isa = PBXFileReference; lastKnownFileType = sourcecode.c.h; name = DetailsViewController.h; path = Pods/DetailsViewController.h; sourceTree = SOURCE_ROOT; };
		D91202B126962C2D00717B04 /* DetailsViewController.m */ = {isa = PBXFileReference; lastKnownFileType = sourcecode.c.objc; name = DetailsViewController.m; path = Pods/DetailsViewController.m; sourceTree = SOURCE_ROOT; };
		D9CB53F7269906CF00E519C0 /* Post.m */ = {isa = PBXFileReference; lastKnownFileType = sourcecode.c.objc; name = Post.m; path = "Instagram/View Controllers/Post.m"; sourceTree = SOURCE_ROOT; };
		D9CB53F9269906E300E519C0 /* Post.h */ = {isa = PBXFileReference; lastKnownFileType = sourcecode.c.h; path = Post.h; sourceTree = "<group>"; };
		DD0403B3EE708A0438A298FE /* Pods_Instagram_InstagramUITests.framework */ = {isa = PBXFileReference; explicitFileType = wrapper.framework; includeInIndex = 0; path = Pods_Instagram_InstagramUITests.framework; sourceTree = BUILT_PRODUCTS_DIR; };
		E7418DF8B21DAC649F1574A7 /* Pods-Instagram-InstagramUITests.debug.xcconfig */ = {isa = PBXFileReference; includeInIndex = 1; lastKnownFileType = text.xcconfig; name = "Pods-Instagram-InstagramUITests.debug.xcconfig"; path = "Target Support Files/Pods-Instagram-InstagramUITests/Pods-Instagram-InstagramUITests.debug.xcconfig"; sourceTree = "<group>"; };
/* End PBXFileReference section */

/* Begin PBXFrameworksBuildPhase section */
		D91202672694C8DA00717B04 /* Frameworks */ = {
			isa = PBXFrameworksBuildPhase;
			buildActionMask = 2147483647;
			files = (
				9407B678F6DA472B8A4F4C35 /* Pods_Instagram.framework in Frameworks */,
			);
			runOnlyForDeploymentPostprocessing = 0;
		};
		D91202822694C8DC00717B04 /* Frameworks */ = {
			isa = PBXFrameworksBuildPhase;
			buildActionMask = 2147483647;
			files = (
				2439C55107EA106688A3F22A /* Pods_InstagramTests.framework in Frameworks */,
			);
			runOnlyForDeploymentPostprocessing = 0;
		};
		D912028D2694C8DC00717B04 /* Frameworks */ = {
			isa = PBXFrameworksBuildPhase;
			buildActionMask = 2147483647;
			files = (
				6AAFE5D22F529FEF0868BE13 /* Pods_Instagram_InstagramUITests.framework in Frameworks */,
			);
			runOnlyForDeploymentPostprocessing = 0;
		};
/* End PBXFrameworksBuildPhase section */

/* Begin PBXGroup section */
		7DF9AF629408AC4F1310DC2F /* Pods */ = {
			isa = PBXGroup;
			children = (
				8A77206BE035F0C895B2232F /* Pods-Instagram.debug.xcconfig */,
				6645BC3583A6E1B05C613776 /* Pods-Instagram.release.xcconfig */,
				E7418DF8B21DAC649F1574A7 /* Pods-Instagram-InstagramUITests.debug.xcconfig */,
				CF7A1A148C0D356762E35771 /* Pods-Instagram-InstagramUITests.release.xcconfig */,
				5B7E9E66481F2A1190CA99E7 /* Pods-InstagramTests.debug.xcconfig */,
				C7FFD2516C6FC91297B6354A /* Pods-InstagramTests.release.xcconfig */,
			);
			path = Pods;
			sourceTree = "<group>";
		};
		C10CA7FBEF2A773BD6866058 /* Frameworks */ = {
			isa = PBXGroup;
			children = (
				346A6CDA0874F8B8D1914AC6 /* Pods_Instagram.framework */,
				DD0403B3EE708A0438A298FE /* Pods_Instagram_InstagramUITests.framework */,
				565366C9753B7B0DE153B8D8 /* Pods_InstagramTests.framework */,
			);
			name = Frameworks;
			sourceTree = "<group>";
		};
		D91202612694C8DA00717B04 = {
			isa = PBXGroup;
			children = (
				D912026C2694C8DA00717B04 /* Instagram */,
				D91202882694C8DC00717B04 /* InstagramTests */,
				D91202932694C8DC00717B04 /* InstagramUITests */,
				D912026B2694C8DA00717B04 /* Products */,
				7DF9AF629408AC4F1310DC2F /* Pods */,
				C10CA7FBEF2A773BD6866058 /* Frameworks */,
			);
			sourceTree = "<group>";
		};
		D912026B2694C8DA00717B04 /* Products */ = {
			isa = PBXGroup;
			children = (
				D912026A2694C8DA00717B04 /* Instagram.app */,
				D91202852694C8DC00717B04 /* InstagramTests.xctest */,
				D91202902694C8DC00717B04 /* InstagramUITests.xctest */,
			);
			name = Products;
			sourceTree = "<group>";
		};
		D912026C2694C8DA00717B04 /* Instagram */ = {
			isa = PBXGroup;
			children = (
				D91202B42696572D00717B04 /* Models */,
				D91202AC2695142B00717B04 /* PostCell.h */,
				D91202AD2695142B00717B04 /* PostCell.m */,
				D91202A22694E1CB00717B04 /* View Controllers */,
				D912026D2694C8DA00717B04 /* AppDelegate.h */,
				D912026E2694C8DA00717B04 /* AppDelegate.m */,
				D91202702694C8DA00717B04 /* SceneDelegate.h */,
				D91202712694C8DA00717B04 /* SceneDelegate.m */,
				D91202762694C8DA00717B04 /* Main.storyboard */,
				D91202792694C8DC00717B04 /* Assets.xcassets */,
				D912027B2694C8DC00717B04 /* LaunchScreen.storyboard */,
				D912027E2694C8DC00717B04 /* Info.plist */,
				D912027F2694C8DC00717B04 /* main.m */,
			);
			path = Instagram;
			sourceTree = "<group>";
		};
		D91202882694C8DC00717B04 /* InstagramTests */ = {
			isa = PBXGroup;
			children = (
				D91202892694C8DC00717B04 /* InstagramTests.m */,
				D912028B2694C8DC00717B04 /* Info.plist */,
			);
			path = InstagramTests;
			sourceTree = "<group>";
		};
		D91202932694C8DC00717B04 /* InstagramUITests */ = {
			isa = PBXGroup;
			children = (
				D91202942694C8DC00717B04 /* InstagramUITests.m */,
				D91202962694C8DC00717B04 /* Info.plist */,
			);
			path = InstagramUITests;
			sourceTree = "<group>";
		};
		D91202A22694E1CB00717B04 /* View Controllers */ = {
			isa = PBXGroup;
			children = (
				D91202B026962C2D00717B04 /* DetailsViewController.h */,
				D91202B126962C2D00717B04 /* DetailsViewController.m */,
				D91202A92694F70A00717B04 /* ComposeViewController.h */,
				D91202AA2694F70A00717B04 /* ComposeViewController.m */,
				D91202A62694F1D500717B04 /* HomeViewController.h */,
				D91202A72694F1D500717B04 /* HomeViewController.m */,
				D91202A32694E1DD00717B04 /* LoginViewController.h */,
				D91202A42694E1DD00717B04 /* LoginViewController.m */,
			);
			path = "View Controllers";
			sourceTree = "<group>";
		};
		D91202B42696572D00717B04 /* Models */ = {
			isa = PBXGroup;
			children = (
				D9CB53F7269906CF00E519C0 /* Post.m */,
				D9CB53F9269906E300E519C0 /* Post.h */,
			);
			path = Models;
			sourceTree = "<group>";
		};
/* End PBXGroup section */

/* Begin PBXNativeTarget section */
		D91202692694C8DA00717B04 /* Instagram */ = {
			isa = PBXNativeTarget;
			buildConfigurationList = D91202992694C8DC00717B04 /* Build configuration list for PBXNativeTarget "Instagram" */;
			buildPhases = (
				49133A28177235FD4B9F4C13 /* [CP] Check Pods Manifest.lock */,
				D91202662694C8DA00717B04 /* Sources */,
				D91202672694C8DA00717B04 /* Frameworks */,
				D91202682694C8DA00717B04 /* Resources */,
				2312C3197DCA7B45D2C22A94 /* [CP] Embed Pods Frameworks */,
			);
			buildRules = (
			);
			dependencies = (
			);
			name = Instagram;
			productName = Instagram;
			productReference = D912026A2694C8DA00717B04 /* Instagram.app */;
			productType = "com.apple.product-type.application";
		};
		D91202842694C8DC00717B04 /* InstagramTests */ = {
			isa = PBXNativeTarget;
			buildConfigurationList = D912029C2694C8DC00717B04 /* Build configuration list for PBXNativeTarget "InstagramTests" */;
			buildPhases = (
				8452621207D3B40336B7D57A /* [CP] Check Pods Manifest.lock */,
				D91202812694C8DC00717B04 /* Sources */,
				D91202822694C8DC00717B04 /* Frameworks */,
				D91202832694C8DC00717B04 /* Resources */,
			);
			buildRules = (
			);
			dependencies = (
				D91202872694C8DC00717B04 /* PBXTargetDependency */,
			);
			name = InstagramTests;
			productName = InstagramTests;
			productReference = D91202852694C8DC00717B04 /* InstagramTests.xctest */;
			productType = "com.apple.product-type.bundle.unit-test";
		};
		D912028F2694C8DC00717B04 /* InstagramUITests */ = {
			isa = PBXNativeTarget;
			buildConfigurationList = D912029F2694C8DC00717B04 /* Build configuration list for PBXNativeTarget "InstagramUITests" */;
			buildPhases = (
				699AB68169907B03B2D72FAD /* [CP] Check Pods Manifest.lock */,
				D912028C2694C8DC00717B04 /* Sources */,
				D912028D2694C8DC00717B04 /* Frameworks */,
				D912028E2694C8DC00717B04 /* Resources */,
				3FEDFFBB0D517F9C4DCF81D9 /* [CP] Embed Pods Frameworks */,
			);
			buildRules = (
			);
			dependencies = (
				D91202922694C8DC00717B04 /* PBXTargetDependency */,
			);
			name = InstagramUITests;
			productName = InstagramUITests;
			productReference = D91202902694C8DC00717B04 /* InstagramUITests.xctest */;
			productType = "com.apple.product-type.bundle.ui-testing";
		};
/* End PBXNativeTarget section */

/* Begin PBXProject section */
		D91202622694C8DA00717B04 /* Project object */ = {
			isa = PBXProject;
			attributes = {
				LastUpgradeCheck = 1250;
				TargetAttributes = {
					D91202692694C8DA00717B04 = {
						CreatedOnToolsVersion = 12.5.1;
					};
					D91202842694C8DC00717B04 = {
						CreatedOnToolsVersion = 12.5.1;
						TestTargetID = D91202692694C8DA00717B04;
					};
					D912028F2694C8DC00717B04 = {
						CreatedOnToolsVersion = 12.5.1;
						TestTargetID = D91202692694C8DA00717B04;
					};
				};
			};
			buildConfigurationList = D91202652694C8DA00717B04 /* Build configuration list for PBXProject "Instagram" */;
			compatibilityVersion = "Xcode 9.3";
			developmentRegion = en;
			hasScannedForEncodings = 0;
			knownRegions = (
				en,
				Base,
			);
			mainGroup = D91202612694C8DA00717B04;
			productRefGroup = D912026B2694C8DA00717B04 /* Products */;
			projectDirPath = "";
			projectRoot = "";
			targets = (
				D91202692694C8DA00717B04 /* Instagram */,
				D91202842694C8DC00717B04 /* InstagramTests */,
				D912028F2694C8DC00717B04 /* InstagramUITests */,
			);
		};
/* End PBXProject section */

/* Begin PBXResourcesBuildPhase section */
		D91202682694C8DA00717B04 /* Resources */ = {
			isa = PBXResourcesBuildPhase;
			buildActionMask = 2147483647;
			files = (
				D912027D2694C8DC00717B04 /* LaunchScreen.storyboard in Resources */,
				D912027A2694C8DC00717B04 /* Assets.xcassets in Resources */,
				D91202782694C8DA00717B04 /* Main.storyboard in Resources */,
			);
			runOnlyForDeploymentPostprocessing = 0;
		};
		D91202832694C8DC00717B04 /* Resources */ = {
			isa = PBXResourcesBuildPhase;
			buildActionMask = 2147483647;
			files = (
			);
			runOnlyForDeploymentPostprocessing = 0;
		};
		D912028E2694C8DC00717B04 /* Resources */ = {
			isa = PBXResourcesBuildPhase;
			buildActionMask = 2147483647;
			files = (
			);
			runOnlyForDeploymentPostprocessing = 0;
		};
/* End PBXResourcesBuildPhase section */

/* Begin PBXShellScriptBuildPhase section */
		2312C3197DCA7B45D2C22A94 /* [CP] Embed Pods Frameworks */ = {
			isa = PBXShellScriptBuildPhase;
			buildActionMask = 2147483647;
			files = (
			);
			inputFileListPaths = (
				"${PODS_ROOT}/Target Support Files/Pods-Instagram/Pods-Instagram-frameworks-${CONFIGURATION}-input-files.xcfilelist",
			);
			name = "[CP] Embed Pods Frameworks";
			outputFileListPaths = (
				"${PODS_ROOT}/Target Support Files/Pods-Instagram/Pods-Instagram-frameworks-${CONFIGURATION}-output-files.xcfilelist",
			);
			runOnlyForDeploymentPostprocessing = 0;
			shellPath = /bin/sh;
			shellScript = "\"${PODS_ROOT}/Target Support Files/Pods-Instagram/Pods-Instagram-frameworks.sh\"\n";
			showEnvVarsInLog = 0;
		};
		3FEDFFBB0D517F9C4DCF81D9 /* [CP] Embed Pods Frameworks */ = {
			isa = PBXShellScriptBuildPhase;
			buildActionMask = 2147483647;
			files = (
			);
			inputFileListPaths = (
				"${PODS_ROOT}/Target Support Files/Pods-Instagram-InstagramUITests/Pods-Instagram-InstagramUITests-frameworks-${CONFIGURATION}-input-files.xcfilelist",
			);
			name = "[CP] Embed Pods Frameworks";
			outputFileListPaths = (
				"${PODS_ROOT}/Target Support Files/Pods-Instagram-InstagramUITests/Pods-Instagram-InstagramUITests-frameworks-${CONFIGURATION}-output-files.xcfilelist",
			);
			runOnlyForDeploymentPostprocessing = 0;
			shellPath = /bin/sh;
			shellScript = "\"${PODS_ROOT}/Target Support Files/Pods-Instagram-InstagramUITests/Pods-Instagram-InstagramUITests-frameworks.sh\"\n";
			showEnvVarsInLog = 0;
		};
		49133A28177235FD4B9F4C13 /* [CP] Check Pods Manifest.lock */ = {
			isa = PBXShellScriptBuildPhase;
			buildActionMask = 2147483647;
			files = (
			);
			inputFileListPaths = (
			);
			inputPaths = (
				"${PODS_PODFILE_DIR_PATH}/Podfile.lock",
				"${PODS_ROOT}/Manifest.lock",
			);
			name = "[CP] Check Pods Manifest.lock";
			outputFileListPaths = (
			);
			outputPaths = (
				"$(DERIVED_FILE_DIR)/Pods-Instagram-checkManifestLockResult.txt",
			);
			runOnlyForDeploymentPostprocessing = 0;
			shellPath = /bin/sh;
			shellScript = "diff \"${PODS_PODFILE_DIR_PATH}/Podfile.lock\" \"${PODS_ROOT}/Manifest.lock\" > /dev/null\nif [ $? != 0 ] ; then\n    # print error to STDERR\n    echo \"error: The sandbox is not in sync with the Podfile.lock. Run 'pod install' or update your CocoaPods installation.\" >&2\n    exit 1\nfi\n# This output is used by Xcode 'outputs' to avoid re-running this script phase.\necho \"SUCCESS\" > \"${SCRIPT_OUTPUT_FILE_0}\"\n";
			showEnvVarsInLog = 0;
		};
		699AB68169907B03B2D72FAD /* [CP] Check Pods Manifest.lock */ = {
			isa = PBXShellScriptBuildPhase;
			buildActionMask = 2147483647;
			files = (
			);
			inputFileListPaths = (
			);
			inputPaths = (
				"${PODS_PODFILE_DIR_PATH}/Podfile.lock",
				"${PODS_ROOT}/Manifest.lock",
			);
			name = "[CP] Check Pods Manifest.lock";
			outputFileListPaths = (
			);
			outputPaths = (
				"$(DERIVED_FILE_DIR)/Pods-Instagram-InstagramUITests-checkManifestLockResult.txt",
			);
			runOnlyForDeploymentPostprocessing = 0;
			shellPath = /bin/sh;
			shellScript = "diff \"${PODS_PODFILE_DIR_PATH}/Podfile.lock\" \"${PODS_ROOT}/Manifest.lock\" > /dev/null\nif [ $? != 0 ] ; then\n    # print error to STDERR\n    echo \"error: The sandbox is not in sync with the Podfile.lock. Run 'pod install' or update your CocoaPods installation.\" >&2\n    exit 1\nfi\n# This output is used by Xcode 'outputs' to avoid re-running this script phase.\necho \"SUCCESS\" > \"${SCRIPT_OUTPUT_FILE_0}\"\n";
			showEnvVarsInLog = 0;
		};
		8452621207D3B40336B7D57A /* [CP] Check Pods Manifest.lock */ = {
			isa = PBXShellScriptBuildPhase;
			buildActionMask = 2147483647;
			files = (
			);
			inputFileListPaths = (
			);
			inputPaths = (
				"${PODS_PODFILE_DIR_PATH}/Podfile.lock",
				"${PODS_ROOT}/Manifest.lock",
			);
			name = "[CP] Check Pods Manifest.lock";
			outputFileListPaths = (
			);
			outputPaths = (
				"$(DERIVED_FILE_DIR)/Pods-InstagramTests-checkManifestLockResult.txt",
			);
			runOnlyForDeploymentPostprocessing = 0;
			shellPath = /bin/sh;
			shellScript = "diff \"${PODS_PODFILE_DIR_PATH}/Podfile.lock\" \"${PODS_ROOT}/Manifest.lock\" > /dev/null\nif [ $? != 0 ] ; then\n    # print error to STDERR\n    echo \"error: The sandbox is not in sync with the Podfile.lock. Run 'pod install' or update your CocoaPods installation.\" >&2\n    exit 1\nfi\n# This output is used by Xcode 'outputs' to avoid re-running this script phase.\necho \"SUCCESS\" > \"${SCRIPT_OUTPUT_FILE_0}\"\n";
			showEnvVarsInLog = 0;
		};
/* End PBXShellScriptBuildPhase section */

/* Begin PBXSourcesBuildPhase section */
		D91202662694C8DA00717B04 /* Sources */ = {
			isa = PBXSourcesBuildPhase;
			buildActionMask = 2147483647;
			files = (
				D91202A52694E1DD00717B04 /* LoginViewController.m in Sources */,
				D912026F2694C8DA00717B04 /* AppDelegate.m in Sources */,
				D91202802694C8DC00717B04 /* main.m in Sources */,
				D91202AB2694F70A00717B04 /* ComposeViewController.m in Sources */,
				D9CB53F8269906CF00E519C0 /* Post.m in Sources */,
				D91202AE2695142B00717B04 /* PostCell.m in Sources */,
				D91202A82694F1D500717B04 /* HomeViewController.m in Sources */,
				D91202722694C8DA00717B04 /* SceneDelegate.m in Sources */,
				D91202B226962C2D00717B04 /* DetailsViewController.m in Sources */,
			);
			runOnlyForDeploymentPostprocessing = 0;
		};
		D91202812694C8DC00717B04 /* Sources */ = {
			isa = PBXSourcesBuildPhase;
			buildActionMask = 2147483647;
			files = (
				D912028A2694C8DC00717B04 /* InstagramTests.m in Sources */,
			);
			runOnlyForDeploymentPostprocessing = 0;
		};
		D912028C2694C8DC00717B04 /* Sources */ = {
			isa = PBXSourcesBuildPhase;
			buildActionMask = 2147483647;
			files = (
				D91202952694C8DC00717B04 /* InstagramUITests.m in Sources */,
			);
			runOnlyForDeploymentPostprocessing = 0;
		};
/* End PBXSourcesBuildPhase section */

/* Begin PBXTargetDependency section */
		D91202872694C8DC00717B04 /* PBXTargetDependency */ = {
			isa = PBXTargetDependency;
			target = D91202692694C8DA00717B04 /* Instagram */;
			targetProxy = D91202862694C8DC00717B04 /* PBXContainerItemProxy */;
		};
		D91202922694C8DC00717B04 /* PBXTargetDependency */ = {
			isa = PBXTargetDependency;
			target = D91202692694C8DA00717B04 /* Instagram */;
			targetProxy = D91202912694C8DC00717B04 /* PBXContainerItemProxy */;
		};
/* End PBXTargetDependency section */

/* Begin PBXVariantGroup section */
		D91202762694C8DA00717B04 /* Main.storyboard */ = {
			isa = PBXVariantGroup;
			children = (
				D91202772694C8DA00717B04 /* Base */,
			);
			name = Main.storyboard;
			sourceTree = "<group>";
		};
		D912027B2694C8DC00717B04 /* LaunchScreen.storyboard */ = {
			isa = PBXVariantGroup;
			children = (
				D912027C2694C8DC00717B04 /* Base */,
			);
			name = LaunchScreen.storyboard;
			sourceTree = "<group>";
		};
/* End PBXVariantGroup section */

/* Begin XCBuildConfiguration section */
		D91202972694C8DC00717B04 /* Debug */ = {
			isa = XCBuildConfiguration;
			buildSettings = {
				ALWAYS_SEARCH_USER_PATHS = NO;
				CLANG_ANALYZER_NONNULL = YES;
				CLANG_ANALYZER_NUMBER_OBJECT_CONVERSION = YES_AGGRESSIVE;
				CLANG_CXX_LANGUAGE_STANDARD = "gnu++14";
				CLANG_CXX_LIBRARY = "libc++";
				CLANG_ENABLE_MODULES = YES;
				CLANG_ENABLE_OBJC_ARC = YES;
				CLANG_ENABLE_OBJC_WEAK = YES;
				CLANG_WARN_BLOCK_CAPTURE_AUTORELEASING = YES;
				CLANG_WARN_BOOL_CONVERSION = YES;
				CLANG_WARN_COMMA = YES;
				CLANG_WARN_CONSTANT_CONVERSION = YES;
				CLANG_WARN_DEPRECATED_OBJC_IMPLEMENTATIONS = YES;
				CLANG_WARN_DIRECT_OBJC_ISA_USAGE = YES_ERROR;
				CLANG_WARN_DOCUMENTATION_COMMENTS = YES;
				CLANG_WARN_EMPTY_BODY = YES;
				CLANG_WARN_ENUM_CONVERSION = YES;
				CLANG_WARN_INFINITE_RECURSION = YES;
				CLANG_WARN_INT_CONVERSION = YES;
				CLANG_WARN_NON_LITERAL_NULL_CONVERSION = YES;
				CLANG_WARN_OBJC_IMPLICIT_RETAIN_SELF = YES;
				CLANG_WARN_OBJC_LITERAL_CONVERSION = YES;
				CLANG_WARN_OBJC_ROOT_CLASS = YES_ERROR;
				CLANG_WARN_QUOTED_INCLUDE_IN_FRAMEWORK_HEADER = YES;
				CLANG_WARN_RANGE_LOOP_ANALYSIS = YES;
				CLANG_WARN_STRICT_PROTOTYPES = YES;
				CLANG_WARN_SUSPICIOUS_MOVE = YES;
				CLANG_WARN_UNGUARDED_AVAILABILITY = YES_AGGRESSIVE;
				CLANG_WARN_UNREACHABLE_CODE = YES;
				CLANG_WARN__DUPLICATE_METHOD_MATCH = YES;
				COPY_PHASE_STRIP = NO;
				DEBUG_INFORMATION_FORMAT = dwarf;
				ENABLE_STRICT_OBJC_MSGSEND = YES;
				ENABLE_TESTABILITY = YES;
				GCC_C_LANGUAGE_STANDARD = gnu11;
				GCC_DYNAMIC_NO_PIC = NO;
				GCC_NO_COMMON_BLOCKS = YES;
				GCC_OPTIMIZATION_LEVEL = 0;
				GCC_PREPROCESSOR_DEFINITIONS = (
					"DEBUG=1",
					"$(inherited)",
				);
				GCC_WARN_64_TO_32_BIT_CONVERSION = YES;
				GCC_WARN_ABOUT_RETURN_TYPE = YES_ERROR;
				GCC_WARN_UNDECLARED_SELECTOR = YES;
				GCC_WARN_UNINITIALIZED_AUTOS = YES_AGGRESSIVE;
				GCC_WARN_UNUSED_FUNCTION = YES;
				GCC_WARN_UNUSED_VARIABLE = YES;
				IPHONEOS_DEPLOYMENT_TARGET = 14.5;
				MTL_ENABLE_DEBUG_INFO = INCLUDE_SOURCE;
				MTL_FAST_MATH = YES;
				ONLY_ACTIVE_ARCH = YES;
				SDKROOT = iphoneos;
			};
			name = Debug;
		};
		D91202982694C8DC00717B04 /* Release */ = {
			isa = XCBuildConfiguration;
			buildSettings = {
				ALWAYS_SEARCH_USER_PATHS = NO;
				CLANG_ANALYZER_NONNULL = YES;
				CLANG_ANALYZER_NUMBER_OBJECT_CONVERSION = YES_AGGRESSIVE;
				CLANG_CXX_LANGUAGE_STANDARD = "gnu++14";
				CLANG_CXX_LIBRARY = "libc++";
				CLANG_ENABLE_MODULES = YES;
				CLANG_ENABLE_OBJC_ARC = YES;
				CLANG_ENABLE_OBJC_WEAK = YES;
				CLANG_WARN_BLOCK_CAPTURE_AUTORELEASING = YES;
				CLANG_WARN_BOOL_CONVERSION = YES;
				CLANG_WARN_COMMA = YES;
				CLANG_WARN_CONSTANT_CONVERSION = YES;
				CLANG_WARN_DEPRECATED_OBJC_IMPLEMENTATIONS = YES;
				CLANG_WARN_DIRECT_OBJC_ISA_USAGE = YES_ERROR;
				CLANG_WARN_DOCUMENTATION_COMMENTS = YES;
				CLANG_WARN_EMPTY_BODY = YES;
				CLANG_WARN_ENUM_CONVERSION = YES;
				CLANG_WARN_INFINITE_RECURSION = YES;
				CLANG_WARN_INT_CONVERSION = YES;
				CLANG_WARN_NON_LITERAL_NULL_CONVERSION = YES;
				CLANG_WARN_OBJC_IMPLICIT_RETAIN_SELF = YES;
				CLANG_WARN_OBJC_LITERAL_CONVERSION = YES;
				CLANG_WARN_OBJC_ROOT_CLASS = YES_ERROR;
				CLANG_WARN_QUOTED_INCLUDE_IN_FRAMEWORK_HEADER = YES;
				CLANG_WARN_RANGE_LOOP_ANALYSIS = YES;
				CLANG_WARN_STRICT_PROTOTYPES = YES;
				CLANG_WARN_SUSPICIOUS_MOVE = YES;
				CLANG_WARN_UNGUARDED_AVAILABILITY = YES_AGGRESSIVE;
				CLANG_WARN_UNREACHABLE_CODE = YES;
				CLANG_WARN__DUPLICATE_METHOD_MATCH = YES;
				COPY_PHASE_STRIP = NO;
				DEBUG_INFORMATION_FORMAT = "dwarf-with-dsym";
				ENABLE_NS_ASSERTIONS = NO;
				ENABLE_STRICT_OBJC_MSGSEND = YES;
				GCC_C_LANGUAGE_STANDARD = gnu11;
				GCC_NO_COMMON_BLOCKS = YES;
				GCC_WARN_64_TO_32_BIT_CONVERSION = YES;
				GCC_WARN_ABOUT_RETURN_TYPE = YES_ERROR;
				GCC_WARN_UNDECLARED_SELECTOR = YES;
				GCC_WARN_UNINITIALIZED_AUTOS = YES_AGGRESSIVE;
				GCC_WARN_UNUSED_FUNCTION = YES;
				GCC_WARN_UNUSED_VARIABLE = YES;
				IPHONEOS_DEPLOYMENT_TARGET = 14.5;
				MTL_ENABLE_DEBUG_INFO = NO;
				MTL_FAST_MATH = YES;
				SDKROOT = iphoneos;
				VALIDATE_PRODUCT = YES;
			};
			name = Release;
		};
		D912029A2694C8DC00717B04 /* Debug */ = {
			isa = XCBuildConfiguration;
			baseConfigurationReference = 8A77206BE035F0C895B2232F /* Pods-Instagram.debug.xcconfig */;
			buildSettings = {
				ASSETCATALOG_COMPILER_APPICON_NAME = AppIcon;
				ASSETCATALOG_COMPILER_GLOBAL_ACCENT_COLOR_NAME = AccentColor;
				CODE_SIGN_STYLE = Automatic;
				DEVELOPMENT_TEAM = G48Q633AD8;
				INFOPLIST_FILE = Instagram/Info.plist;
				LD_RUNPATH_SEARCH_PATHS = (
					"$(inherited)",
					"@executable_path/Frameworks",
				);
				PRODUCT_BUNDLE_IDENTIFIER = com.sabrinameng.Instagram;
				PRODUCT_NAME = "$(TARGET_NAME)";
				TARGETED_DEVICE_FAMILY = "1,2";
			};
			name = Debug;
		};
		D912029B2694C8DC00717B04 /* Release */ = {
			isa = XCBuildConfiguration;
			baseConfigurationReference = 6645BC3583A6E1B05C613776 /* Pods-Instagram.release.xcconfig */;
			buildSettings = {
				ASSETCATALOG_COMPILER_APPICON_NAME = AppIcon;
				ASSETCATALOG_COMPILER_GLOBAL_ACCENT_COLOR_NAME = AccentColor;
				CODE_SIGN_STYLE = Automatic;
				DEVELOPMENT_TEAM = G48Q633AD8;
				INFOPLIST_FILE = Instagram/Info.plist;
				LD_RUNPATH_SEARCH_PATHS = (
					"$(inherited)",
					"@executable_path/Frameworks",
				);
				PRODUCT_BUNDLE_IDENTIFIER = com.sabrinameng.Instagram;
				PRODUCT_NAME = "$(TARGET_NAME)";
				TARGETED_DEVICE_FAMILY = "1,2";
			};
			name = Release;
		};
		D912029D2694C8DC00717B04 /* Debug */ = {
			isa = XCBuildConfiguration;
			baseConfigurationReference = 5B7E9E66481F2A1190CA99E7 /* Pods-InstagramTests.debug.xcconfig */;
			buildSettings = {
				BUNDLE_LOADER = "$(TEST_HOST)";
				CODE_SIGN_STYLE = Automatic;
				DEVELOPMENT_TEAM = G48Q633AD8;
				INFOPLIST_FILE = InstagramTests/Info.plist;
				IPHONEOS_DEPLOYMENT_TARGET = 14.5;
				LD_RUNPATH_SEARCH_PATHS = (
					"$(inherited)",
					"@executable_path/Frameworks",
					"@loader_path/Frameworks",
				);
				PRODUCT_BUNDLE_IDENTIFIER = com.sabrinameng.InstagramTests;
				PRODUCT_NAME = "$(TARGET_NAME)";
				TARGETED_DEVICE_FAMILY = "1,2";
				TEST_HOST = "$(BUILT_PRODUCTS_DIR)/Instagram.app/Instagram";
			};
			name = Debug;
		};
		D912029E2694C8DC00717B04 /* Release */ = {
			isa = XCBuildConfiguration;
			baseConfigurationReference = C7FFD2516C6FC91297B6354A /* Pods-InstagramTests.release.xcconfig */;
			buildSettings = {
				BUNDLE_LOADER = "$(TEST_HOST)";
				CODE_SIGN_STYLE = Automatic;
				DEVELOPMENT_TEAM = G48Q633AD8;
				INFOPLIST_FILE = InstagramTests/Info.plist;
				IPHONEOS_DEPLOYMENT_TARGET = 14.5;
				LD_RUNPATH_SEARCH_PATHS = (
					"$(inherited)",
					"@executable_path/Frameworks",
					"@loader_path/Frameworks",
				);
				PRODUCT_BUNDLE_IDENTIFIER = com.sabrinameng.InstagramTests;
				PRODUCT_NAME = "$(TARGET_NAME)";
				TARGETED_DEVICE_FAMILY = "1,2";
				TEST_HOST = "$(BUILT_PRODUCTS_DIR)/Instagram.app/Instagram";
			};
			name = Release;
		};
		D91202A02694C8DC00717B04 /* Debug */ = {
			isa = XCBuildConfiguration;
			baseConfigurationReference = E7418DF8B21DAC649F1574A7 /* Pods-Instagram-InstagramUITests.debug.xcconfig */;
			buildSettings = {
				CODE_SIGN_STYLE = Automatic;
				DEVELOPMENT_TEAM = G48Q633AD8;
				INFOPLIST_FILE = InstagramUITests/Info.plist;
				LD_RUNPATH_SEARCH_PATHS = (
					"$(inherited)",
					"@executable_path/Frameworks",
					"@loader_path/Frameworks",
				);
				PRODUCT_BUNDLE_IDENTIFIER = com.sabrinameng.InstagramUITests;
				PRODUCT_NAME = "$(TARGET_NAME)";
				TARGETED_DEVICE_FAMILY = "1,2";
				TEST_TARGET_NAME = Instagram;
			};
			name = Debug;
		};
		D91202A12694C8DC00717B04 /* Release */ = {
			isa = XCBuildConfiguration;
			baseConfigurationReference = CF7A1A148C0D356762E35771 /* Pods-Instagram-InstagramUITests.release.xcconfig */;
			buildSettings = {
				CODE_SIGN_STYLE = Automatic;
				DEVELOPMENT_TEAM = G48Q633AD8;
				INFOPLIST_FILE = InstagramUITests/Info.plist;
				LD_RUNPATH_SEARCH_PATHS = (
					"$(inherited)",
					"@executable_path/Frameworks",
					"@loader_path/Frameworks",
				);
				PRODUCT_BUNDLE_IDENTIFIER = com.sabrinameng.InstagramUITests;
				PRODUCT_NAME = "$(TARGET_NAME)";
				TARGETED_DEVICE_FAMILY = "1,2";
				TEST_TARGET_NAME = Instagram;
			};
			name = Release;
		};
/* End XCBuildConfiguration section */

/* Begin XCConfigurationList section */
		D91202652694C8DA00717B04 /* Build configuration list for PBXProject "Instagram" */ = {
			isa = XCConfigurationList;
			buildConfigurations = (
				D91202972694C8DC00717B04 /* Debug */,
				D91202982694C8DC00717B04 /* Release */,
			);
			defaultConfigurationIsVisible = 0;
			defaultConfigurationName = Release;
		};
		D91202992694C8DC00717B04 /* Build configuration list for PBXNativeTarget "Instagram" */ = {
			isa = XCConfigurationList;
			buildConfigurations = (
				D912029A2694C8DC00717B04 /* Debug */,
				D912029B2694C8DC00717B04 /* Release */,
			);
			defaultConfigurationIsVisible = 0;
			defaultConfigurationName = Release;
		};
		D912029C2694C8DC00717B04 /* Build configuration list for PBXNativeTarget "InstagramTests" */ = {
			isa = XCConfigurationList;
			buildConfigurations = (
				D912029D2694C8DC00717B04 /* Debug */,
				D912029E2694C8DC00717B04 /* Release */,
			);
			defaultConfigurationIsVisible = 0;
			defaultConfigurationName = Release;
		};
		D912029F2694C8DC00717B04 /* Build configuration list for PBXNativeTarget "InstagramUITests" */ = {
			isa = XCConfigurationList;
			buildConfigurations = (
				D91202A02694C8DC00717B04 /* Debug */,
				D91202A12694C8DC00717B04 /* Release */,
			);
			defaultConfigurationIsVisible = 0;
			defaultConfigurationName = Release;
		};
/* End XCConfigurationList section */
	};
	rootObject = D91202622694C8DA00717B04 /* Project object */;
}
